
Microsoft Visual Studio Solution File, Format Version 12.00
# Visual Studio Version 17
VisualStudioVersion = 17.3.32825.248
MinimumVisualStudioVersion = 10.0.40219.1
Project("{FAE04EC0-301F-11D3-BF4B-00C04F79EFBC}") = "LocationVoiture", "LocationVoiture\LocationVoiture.csproj", "{EEC20FA9-2C49-48ED-B40C-56935467279B}"
EndProject
Project("{54435603-DBB4-11D2-8724-00A0C9A8B90C}") = "Setup1", "Setup1\Setup1.vdproj", "{83A55714-B4F3-4776-B130-6E8C7BCBA4DB}"
EndProject
Project("{FAE04EC0-301F-11D3-BF4B-00C04F79EFBC}") = "UniteDeTest", "UniteDeTest\UniteDeTest.csproj", "{63AF42DE-B6ED-48A5-9642-46CEE74B232D}"
EndProject
Global
	GlobalSection(SolutionConfigurationPlatforms) = preSolution
		Debug|Any CPU = Debug|Any CPU
		Release|Any CPU = Release|Any CPU
	EndGlobalSection
	GlobalSection(ProjectConfigurationPlatforms) = postSolution
		{EEC20FA9-2C49-48ED-B40C-56935467279B}.Debug|Any CPU.ActiveCfg = Debug|Any CPU
		{EEC20FA9-2C49-48ED-B40C-56935467279B}.Debug|Any CPU.Build.0 = Debug|Any CPU
		{EEC20FA9-2C49-48ED-B40C-56935467279B}.Release|Any CPU.ActiveCfg = Release|Any CPU
		{EEC20FA9-2C49-48ED-B40C-56935467279B}.Release|Any CPU.Build.0 = Release|Any CPU
		{83A55714-B4F3-4776-B130-6E8C7BCBA4DB}.Debug|Any CPU.ActiveCfg = Debug
		{83A55714-B4F3-4776-B130-6E8C7BCBA4DB}.Release|Any CPU.ActiveCfg = Release
		{63AF42DE-B6ED-48A5-9642-46CEE74B232D}.Debug|Any CPU.ActiveCfg = Debug|Any CPU
		{63AF42DE-B6ED-48A5-9642-46CEE74B232D}.Debug|Any CPU.Build.0 = Debug|Any CPU
		{63AF42DE-B6ED-48A5-9642-46CEE74B232D}.Release|Any CPU.ActiveCfg = Release|Any CPU
		{63AF42DE-B6ED-48A5-9642-46CEE74B232D}.Release|Any CPU.Build.0 = Release|Any CPU
	EndGlobalSection
	GlobalSection(SolutionProperties) = preSolution
		HideSolutionNode = FALSE
	EndGlobalSection
	GlobalSection(ExtensibilityGlobals) = postSolution
		SolutionGuid = {4267F3D8-50B5-433B-932B-EBF8F74D5D76}
	EndGlobalSection
EndGlobal
